
Microsoft Visual Studio Solution File, Format Version 12.00
# Visual Studio Version 17
VisualStudioVersion = 17.9.34728.123
MinimumVisualStudioVersion = 10.0.40219.1
Project("{FAE04EC0-301F-11D3-BF4B-00C04F79EFBC}") = "WPF_Panels02", "WPF_Panels02.csproj", "{B4E80C6D-BF65-4995-A28F-A89C9E35C35E}"
EndProject
Global
	GlobalSection(SolutionConfigurationPlatforms) = preSolution
		Debug|Any CPU = Debug|Any CPU
		Release|Any CPU = Release|Any CPU
	EndGlobalSection
	GlobalSection(ProjectConfigurationPlatforms) = postSolution
		{B4E80C6D-BF65-4995-A28F-A89C9E35C35E}.Debug|Any CPU.ActiveCfg = Debug|Any CPU
		{B4E80C6D-BF65-4995-A28F-A89C9E35C35E}.Debug|Any CPU.Build.0 = Debug|Any CPU
		{B4E80C6D-BF65-4995-A28F-A89C9E35C35E}.Release|Any CPU.ActiveCfg = Release|Any CPU
		{B4E80C6D-BF65-4995-A28F-A89C9E35C35E}.Release|Any CPU.Build.0 = Release|Any CPU
	EndGlobalSection
	GlobalSection(SolutionProperties) = preSolution
		HideSolutionNode = FALSE
	EndGlobalSection
	GlobalSection(ExtensibilityGlobals) = postSolution
		SolutionGuid = {87C20963-9E0A-4111-9FC6-9655C55BA337}
	EndGlobalSection
EndGlobal
