
Microsoft Visual Studio Solution File, Format Version 12.00
# Visual Studio Version 17
VisualStudioVersion = 17.9.34728.123
MinimumVisualStudioVersion = 10.0.40219.1
Project("{FAE04EC0-301F-11D3-BF4B-00C04F79EFBC}") = "WPF_WrapPanel05", "WPF_WrapPanel05.csproj", "{7688910C-A270-4FFB-A73C-CB5C39ADA830}"
EndProject
Global
	GlobalSection(SolutionConfigurationPlatforms) = preSolution
		Debug|Any CPU = Debug|Any CPU
		Release|Any CPU = Release|Any CPU
	EndGlobalSection
	GlobalSection(ProjectConfigurationPlatforms) = postSolution
		{7688910C-A270-4FFB-A73C-CB5C39ADA830}.Debug|Any CPU.ActiveCfg = Debug|Any CPU
		{7688910C-A270-4FFB-A73C-CB5C39ADA830}.Debug|Any CPU.Build.0 = Debug|Any CPU
		{7688910C-A270-4FFB-A73C-CB5C39ADA830}.Release|Any CPU.ActiveCfg = Release|Any CPU
		{7688910C-A270-4FFB-A73C-CB5C39ADA830}.Release|Any CPU.Build.0 = Release|Any CPU
	EndGlobalSection
	GlobalSection(SolutionProperties) = preSolution
		HideSolutionNode = FALSE
	EndGlobalSection
	GlobalSection(ExtensibilityGlobals) = postSolution
		SolutionGuid = {BFF0DD18-DC8D-44F1-9D69-3237D6CCAE83}
	EndGlobalSection
EndGlobal
