
Microsoft Visual Studio Solution File, Format Version 12.00
# Visual Studio Version 17
VisualStudioVersion = 17.9.34723.18
MinimumVisualStudioVersion = 10.0.40219.1
Project("{FAE04EC0-301F-11D3-BF4B-00C04F79EFBC}") = "Ador.net_exam", "Ador.net_exam\Ador.net_exam.csproj", "{C233F94C-3B53-472D-B033-6CD8500E4D0D}"
EndProject
Global
	GlobalSection(SolutionConfigurationPlatforms) = preSolution
		Debug|Any CPU = Debug|Any CPU
		Release|Any CPU = Release|Any CPU
	EndGlobalSection
	GlobalSection(ProjectConfigurationPlatforms) = postSolution
		{C233F94C-3B53-472D-B033-6CD8500E4D0D}.Debug|Any CPU.ActiveCfg = Debug|Any CPU
		{C233F94C-3B53-472D-B033-6CD8500E4D0D}.Debug|Any CPU.Build.0 = Debug|Any CPU
		{C233F94C-3B53-472D-B033-6CD8500E4D0D}.Release|Any CPU.ActiveCfg = Release|Any CPU
		{C233F94C-3B53-472D-B033-6CD8500E4D0D}.Release|Any CPU.Build.0 = Release|Any CPU
	EndGlobalSection
	GlobalSection(SolutionProperties) = preSolution
		HideSolutionNode = FALSE
	EndGlobalSection
	GlobalSection(ExtensibilityGlobals) = postSolution
		SolutionGuid = {DCCBC294-2C89-4A6F-969B-2BF11D1C20FD}
	EndGlobalSection
EndGlobal
